// !$*UTF8*$!
{
	archiveVersion = 1;
	classes = {
	};
	objectVersion = 55;
	objects = {

/* Begin PBXBuildFile section */
		04A1A52C28A3DF570016EAEE /* main.cpp in Sources */ = {isa = PBXBuildFile; fileRef = 04A1A52B28A3DF570016EAEE /* main.cpp */; };
		04A1A53428A3F24F0016EAEE /* main.cpp in Sources */ = {isa = PBXBuildFile; fileRef = 04A1A53328A3F24F0016EAEE /* main.cpp */; };
		04A1A53F28A751920016EAEE /* main.cpp in Sources */ = {isa = PBXBuildFile; fileRef = 04A1A53E28A751920016EAEE /* main.cpp */; };
		04A1A54A28A9E7320016EAEE /* main.cpp in Sources */ = {isa = PBXBuildFile; fileRef = 04A1A54928A9E7320016EAEE /* main.cpp */; };
		04A1A55028AA25BB0016EAEE /* swap.cpp in Sources */ = {isa = PBXBuildFile; fileRef = 04A1A54E28AA25BB0016EAEE /* swap.cpp */; };
		04F67EDA28A358A900578A48 /* main.cpp in Sources */ = {isa = PBXBuildFile; fileRef = 04F67ED928A358A900578A48 /* main.cpp */; };
		04F67EE728A3590100578A48 /* main.cpp in Sources */ = {isa = PBXBuildFile; fileRef = 04F67EE628A3590100578A48 /* main.cpp */; };
		04F67EF228A3715600578A48 /* main.cpp in Sources */ = {isa = PBXBuildFile; fileRef = 04F67EF128A3715600578A48 /* main.cpp */; };
/* End PBXBuildFile section */

/* Begin PBXCopyFilesBuildPhase section */
		04A1A52228A3DEEE0016EAEE /* CopyFiles */ = {
			isa = PBXCopyFilesBuildPhase;
			buildActionMask = 2147483647;
			dstPath = /usr/share/man/man1/;
			dstSubfolderSpec = 0;
			files = (
			);
			runOnlyForDeploymentPostprocessing = 1;
		};
		04A1A52F28A3F24F0016EAEE /* CopyFiles */ = {
			isa = PBXCopyFilesBuildPhase;
			buildActionMask = 2147483647;
			dstPath = /usr/share/man/man1/;
			dstSubfolderSpec = 0;
			files = (
			);
			runOnlyForDeploymentPostprocessing = 1;
		};
		04A1A53A28A751920016EAEE /* CopyFiles */ = {
			isa = PBXCopyFilesBuildPhase;
			buildActionMask = 2147483647;
			dstPath = /usr/share/man/man1/;
			dstSubfolderSpec = 0;
			files = (
			);
			runOnlyForDeploymentPostprocessing = 1;
		};
		04A1A54528A9E7320016EAEE /* CopyFiles */ = {
			isa = PBXCopyFilesBuildPhase;
			buildActionMask = 2147483647;
			dstPath = /usr/share/man/man1/;
			dstSubfolderSpec = 0;
			files = (
			);
			runOnlyForDeploymentPostprocessing = 1;
		};
		04F67ED428A358A900578A48 /* CopyFiles */ = {
			isa = PBXCopyFilesBuildPhase;
			buildActionMask = 2147483647;
			dstPath = /usr/share/man/man1/;
			dstSubfolderSpec = 0;
			files = (
			);
			runOnlyForDeploymentPostprocessing = 1;
		};
		04F67EE228A3590100578A48 /* CopyFiles */ = {
			isa = PBXCopyFilesBuildPhase;
			buildActionMask = 2147483647;
			dstPath = /usr/share/man/man1/;
			dstSubfolderSpec = 0;
			files = (
			);
			runOnlyForDeploymentPostprocessing = 1;
		};
		04F67EED28A3715600578A48 /* CopyFiles */ = {
			isa = PBXCopyFilesBuildPhase;
			buildActionMask = 2147483647;
			dstPath = /usr/share/man/man1/;
			dstSubfolderSpec = 0;
			files = (
			);
			runOnlyForDeploymentPostprocessing = 1;
		};
/* End PBXCopyFilesBuildPhase section */

/* Begin PBXFileReference section */
		04A1A52428A3DEEE0016EAEE /* operator */ = {isa = PBXFileReference; explicitFileType = "compiled.mach-o.executable"; includeInIndex = 0; path = operator; sourceTree = BUILT_PRODUCTS_DIR; };
		04A1A52B28A3DF570016EAEE /* main.cpp */ = {isa = PBXFileReference; lastKnownFileType = sourcecode.cpp.cpp; path = main.cpp; sourceTree = "<group>"; };
		04A1A53128A3F24F0016EAEE /* processcontrol */ = {isa = PBXFileReference; explicitFileType = "compiled.mach-o.executable"; includeInIndex = 0; path = processcontrol; sourceTree = BUILT_PRODUCTS_DIR; };
		04A1A53328A3F24F0016EAEE /* main.cpp */ = {isa = PBXFileReference; lastKnownFileType = sourcecode.cpp.cpp; path = main.cpp; sourceTree = "<group>"; };
		04A1A53C28A751920016EAEE /* array */ = {isa = PBXFileReference; explicitFileType = "compiled.mach-o.executable"; includeInIndex = 0; path = array; sourceTree = BUILT_PRODUCTS_DIR; };
		04A1A53E28A751920016EAEE /* main.cpp */ = {isa = PBXFileReference; lastKnownFileType = sourcecode.cpp.cpp; path = main.cpp; sourceTree = "<group>"; };
		04A1A54728A9E7320016EAEE /* function */ = {isa = PBXFileReference; explicitFileType = "compiled.mach-o.executable"; includeInIndex = 0; path = function; sourceTree = BUILT_PRODUCTS_DIR; };
		04A1A54928A9E7320016EAEE /* main.cpp */ = {isa = PBXFileReference; lastKnownFileType = sourcecode.cpp.cpp; path = main.cpp; sourceTree = "<group>"; };
		04A1A54E28AA25BB0016EAEE /* swap.cpp */ = {isa = PBXFileReference; lastKnownFileType = sourcecode.cpp.cpp; path = swap.cpp; sourceTree = "<group>"; };
		04A1A54F28AA25BB0016EAEE /* swap.hpp */ = {isa = PBXFileReference; lastKnownFileType = sourcecode.cpp.h; path = swap.hpp; sourceTree = "<group>"; };
		04F67ED628A358A900578A48 /* cpptutorial */ = {isa = PBXFileReference; explicitFileType = "compiled.mach-o.executable"; includeInIndex = 0; path = cpptutorial; sourceTree = BUILT_PRODUCTS_DIR; };
		04F67ED928A358A900578A48 /* main.cpp */ = {isa = PBXFileReference; lastKnownFileType = sourcecode.cpp.cpp; path = main.cpp; sourceTree = "<group>"; };
		04F67EE428A3590100578A48 /* datatype */ = {isa = PBXFileReference; explicitFileType = "compiled.mach-o.executable"; includeInIndex = 0; path = datatype; sourceTree = BUILT_PRODUCTS_DIR; };
		04F67EE628A3590100578A48 /* main.cpp */ = {isa = PBXFileReference; lastKnownFileType = sourcecode.cpp.cpp; path = main.cpp; sourceTree = "<group>"; };
		04F67EEF28A3715600578A48 /* varconst */ = {isa = PBXFileReference; explicitFileType = "compiled.mach-o.executable"; includeInIndex = 0; path = varconst; sourceTree = BUILT_PRODUCTS_DIR; };
		04F67EF128A3715600578A48 /* main.cpp */ = {isa = PBXFileReference; lastKnownFileType = sourcecode.cpp.cpp; path = main.cpp; sourceTree = "<group>"; };
/* End PBXFileReference section */

/* Begin PBXFrameworksBuildPhase section */
		04A1A52128A3DEEE0016EAEE /* Frameworks */ = {
			isa = PBXFrameworksBuildPhase;
			buildActionMask = 2147483647;
			files = (
			);
			runOnlyForDeploymentPostprocessing = 0;
		};
		04A1A52E28A3F24F0016EAEE /* Frameworks */ = {
			isa = PBXFrameworksBuildPhase;
			buildActionMask = 2147483647;
			files = (
			);
			runOnlyForDeploymentPostprocessing = 0;
		};
		04A1A53928A751920016EAEE /* Frameworks */ = {
			isa = PBXFrameworksBuildPhase;
			buildActionMask = 2147483647;
			files = (
			);
			runOnlyForDeploymentPostprocessing = 0;
		};
		04A1A54428A9E7320016EAEE /* Frameworks */ = {
			isa = PBXFrameworksBuildPhase;
			buildActionMask = 2147483647;
			files = (
			);
			runOnlyForDeploymentPostprocessing = 0;
		};
		04F67ED328A358A900578A48 /* Frameworks */ = {
			isa = PBXFrameworksBuildPhase;
			buildActionMask = 2147483647;
			files = (
			);
			runOnlyForDeploymentPostprocessing = 0;
		};
		04F67EE128A3590100578A48 /* Frameworks */ = {
			isa = PBXFrameworksBuildPhase;
			buildActionMask = 2147483647;
			files = (
			);
			runOnlyForDeploymentPostprocessing = 0;
		};
		04F67EEC28A3715600578A48 /* Frameworks */ = {
			isa = PBXFrameworksBuildPhase;
			buildActionMask = 2147483647;
			files = (
			);
			runOnlyForDeploymentPostprocessing = 0;
		};
/* End PBXFrameworksBuildPhase section */

/* Begin PBXGroup section */
		04A1A52528A3DEEE0016EAEE /* operator */ = {
			isa = PBXGroup;
			children = (
				04A1A52B28A3DF570016EAEE /* main.cpp */,
			);
			path = operator;
			sourceTree = "<group>";
		};
		04A1A53228A3F24F0016EAEE /* processcontrol */ = {
			isa = PBXGroup;
			children = (
				04A1A53328A3F24F0016EAEE /* main.cpp */,
			);
			path = processcontrol;
			sourceTree = "<group>";
		};
		04A1A53D28A751920016EAEE /* array */ = {
			isa = PBXGroup;
			children = (
				04A1A53E28A751920016EAEE /* main.cpp */,
			);
			path = array;
			sourceTree = "<group>";
		};
		04A1A54828A9E7320016EAEE /* function */ = {
			isa = PBXGroup;
			children = (
				04A1A54928A9E7320016EAEE /* main.cpp */,
				04A1A54E28AA25BB0016EAEE /* swap.cpp */,
				04A1A54F28AA25BB0016EAEE /* swap.hpp */,
			);
			path = function;
			sourceTree = "<group>";
		};
		04F67ECD28A358A900578A48 = {
			isa = PBXGroup;
			children = (
				04F67ED828A358A900578A48 /* cpptutorial */,
				04F67EE528A3590100578A48 /* datatype */,
				04F67EF028A3715600578A48 /* varconst */,
				04A1A52528A3DEEE0016EAEE /* operator */,
				04A1A53228A3F24F0016EAEE /* processcontrol */,
				04A1A53D28A751920016EAEE /* array */,
				04A1A54828A9E7320016EAEE /* function */,
				04F67ED728A358A900578A48 /* Products */,
			);
			sourceTree = "<group>";
		};
		04F67ED728A358A900578A48 /* Products */ = {
			isa = PBXGroup;
			children = (
				04F67ED628A358A900578A48 /* cpptutorial */,
				04F67EE428A3590100578A48 /* datatype */,
				04F67EEF28A3715600578A48 /* varconst */,
				04A1A52428A3DEEE0016EAEE /* operator */,
				04A1A53128A3F24F0016EAEE /* processcontrol */,
				04A1A53C28A751920016EAEE /* array */,
				04A1A54728A9E7320016EAEE /* function */,
			);
			name = Products;
			sourceTree = "<group>";
		};
		04F67ED828A358A900578A48 /* cpptutorial */ = {
			isa = PBXGroup;
			children = (
				04F67ED928A358A900578A48 /* main.cpp */,
			);
			path = cpptutorial;
			sourceTree = "<group>";
		};
		04F67EE528A3590100578A48 /* datatype */ = {
			isa = PBXGroup;
			children = (
				04F67EE628A3590100578A48 /* main.cpp */,
			);
			path = datatype;
			sourceTree = "<group>";
		};
		04F67EF028A3715600578A48 /* varconst */ = {
			isa = PBXGroup;
			children = (
				04F67EF128A3715600578A48 /* main.cpp */,
			);
			path = varconst;
			sourceTree = "<group>";
		};
/* End PBXGroup section */

/* Begin PBXNativeTarget section */
		04A1A52328A3DEEE0016EAEE /* operator */ = {
			isa = PBXNativeTarget;
			buildConfigurationList = 04A1A52A28A3DEEE0016EAEE /* Build configuration list for PBXNativeTarget "operator" */;
			buildPhases = (
				04A1A52028A3DEEE0016EAEE /* Sources */,
				04A1A52128A3DEEE0016EAEE /* Frameworks */,
				04A1A52228A3DEEE0016EAEE /* CopyFiles */,
			);
			buildRules = (
			);
			dependencies = (
			);
			name = operator;
			productName = operator;
			productReference = 04A1A52428A3DEEE0016EAEE /* operator */;
			productType = "com.apple.product-type.tool";
		};
		04A1A53028A3F24F0016EAEE /* processcontrol */ = {
			isa = PBXNativeTarget;
			buildConfigurationList = 04A1A53528A3F24F0016EAEE /* Build configuration list for PBXNativeTarget "processcontrol" */;
			buildPhases = (
				04A1A52D28A3F24F0016EAEE /* Sources */,
				04A1A52E28A3F24F0016EAEE /* Frameworks */,
				04A1A52F28A3F24F0016EAEE /* CopyFiles */,
			);
			buildRules = (
			);
			dependencies = (
			);
			name = processcontrol;
			productName = processcontrol;
			productReference = 04A1A53128A3F24F0016EAEE /* processcontrol */;
			productType = "com.apple.product-type.tool";
		};
		04A1A53B28A751920016EAEE /* array */ = {
			isa = PBXNativeTarget;
			buildConfigurationList = 04A1A54028A751920016EAEE /* Build configuration list for PBXNativeTarget "array" */;
			buildPhases = (
				04A1A53828A751920016EAEE /* Sources */,
				04A1A53928A751920016EAEE /* Frameworks */,
				04A1A53A28A751920016EAEE /* CopyFiles */,
			);
			buildRules = (
			);
			dependencies = (
			);
			name = array;
			productName = array;
			productReference = 04A1A53C28A751920016EAEE /* array */;
			productType = "com.apple.product-type.tool";
		};
		04A1A54628A9E7320016EAEE /* function */ = {
			isa = PBXNativeTarget;
			buildConfigurationList = 04A1A54B28A9E7320016EAEE /* Build configuration list for PBXNativeTarget "function" */;
			buildPhases = (
				04A1A54328A9E7320016EAEE /* Sources */,
				04A1A54428A9E7320016EAEE /* Frameworks */,
				04A1A54528A9E7320016EAEE /* CopyFiles */,
			);
			buildRules = (
			);
			dependencies = (
			);
			name = function;
			productName = function;
			productReference = 04A1A54728A9E7320016EAEE /* function */;
			productType = "com.apple.product-type.tool";
		};
		04F67ED528A358A900578A48 /* cpptutorial */ = {
			isa = PBXNativeTarget;
			buildConfigurationList = 04F67EDD28A358A900578A48 /* Build configuration list for PBXNativeTarget "cpptutorial" */;
			buildPhases = (
				04F67ED228A358A900578A48 /* Sources */,
				04F67ED328A358A900578A48 /* Frameworks */,
				04F67ED428A358A900578A48 /* CopyFiles */,
			);
			buildRules = (
			);
			dependencies = (
			);
			name = cpptutorial;
			productName = cpptutorial;
			productReference = 04F67ED628A358A900578A48 /* cpptutorial */;
			productType = "com.apple.product-type.tool";
		};
		04F67EE328A3590100578A48 /* datatype */ = {
			isa = PBXNativeTarget;
			buildConfigurationList = 04F67EE828A3590100578A48 /* Build configuration list for PBXNativeTarget "datatype" */;
			buildPhases = (
				04F67EE028A3590100578A48 /* Sources */,
				04F67EE128A3590100578A48 /* Frameworks */,
				04F67EE228A3590100578A48 /* CopyFiles */,
			);
			buildRules = (
			);
			dependencies = (
			);
			name = datatype;
			productName = datatype;
			productReference = 04F67EE428A3590100578A48 /* datatype */;
			productType = "com.apple.product-type.tool";
		};
		04F67EEE28A3715600578A48 /* varconst */ = {
			isa = PBXNativeTarget;
			buildConfigurationList = 04F67EF328A3715600578A48 /* Build configuration list for PBXNativeTarget "varconst" */;
			buildPhases = (
				04F67EEB28A3715600578A48 /* Sources */,
				04F67EEC28A3715600578A48 /* Frameworks */,
				04F67EED28A3715600578A48 /* CopyFiles */,
			);
			buildRules = (
			);
			dependencies = (
			);
			name = varconst;
			productName = varconst;
			productReference = 04F67EEF28A3715600578A48 /* varconst */;
			productType = "com.apple.product-type.tool";
		};
/* End PBXNativeTarget section */

/* Begin PBXProject section */
		04F67ECE28A358A900578A48 /* Project object */ = {
			isa = PBXProject;
			attributes = {
				BuildIndependentTargetsInParallel = 1;
				LastUpgradeCheck = 1320;
				TargetAttributes = {
					04A1A52328A3DEEE0016EAEE = {
						CreatedOnToolsVersion = 13.2.1;
					};
					04A1A53028A3F24F0016EAEE = {
						CreatedOnToolsVersion = 13.2.1;
					};
					04A1A53B28A751920016EAEE = {
						CreatedOnToolsVersion = 13.2.1;
					};
					04A1A54628A9E7320016EAEE = {
						CreatedOnToolsVersion = 13.2.1;
					};
					04F67ED528A358A900578A48 = {
						CreatedOnToolsVersion = 13.2.1;
					};
					04F67EE328A3590100578A48 = {
						CreatedOnToolsVersion = 13.2.1;
					};
					04F67EEE28A3715600578A48 = {
						CreatedOnToolsVersion = 13.2.1;
					};
				};
			};
			buildConfigurationList = 04F67ED128A358A900578A48 /* Build configuration list for PBXProject "cpptutorial" */;
			compatibilityVersion = "Xcode 13.0";
			developmentRegion = en;
			hasScannedForEncodings = 0;
			knownRegions = (
				en,
				Base,
			);
			mainGroup = 04F67ECD28A358A900578A48;
			productRefGroup = 04F67ED728A358A900578A48 /* Products */;
			projectDirPath = "";
			projectRoot = "";
			targets = (
				04F67ED528A358A900578A48 /* cpptutorial */,
				04F67EE328A3590100578A48 /* datatype */,
				04F67EEE28A3715600578A48 /* varconst */,
				04A1A52328A3DEEE0016EAEE /* operator */,
				04A1A53028A3F24F0016EAEE /* processcontrol */,
				04A1A53B28A751920016EAEE /* array */,
				04A1A54628A9E7320016EAEE /* function */,
			);
		};
/* End PBXProject section */

/* Begin PBXSourcesBuildPhase section */
		04A1A52028A3DEEE0016EAEE /* Sources */ = {
			isa = PBXSourcesBuildPhase;
			buildActionMask = 2147483647;
			files = (
				04A1A52C28A3DF570016EAEE /* main.cpp in Sources */,
			);
			runOnlyForDeploymentPostprocessing = 0;
		};
		04A1A52D28A3F24F0016EAEE /* Sources */ = {
			isa = PBXSourcesBuildPhase;
			buildActionMask = 2147483647;
			files = (
				04A1A53428A3F24F0016EAEE /* main.cpp in Sources */,
			);
			runOnlyForDeploymentPostprocessing = 0;
		};
		04A1A53828A751920016EAEE /* Sources */ = {
			isa = PBXSourcesBuildPhase;
			buildActionMask = 2147483647;
			files = (
				04A1A53F28A751920016EAEE /* main.cpp in Sources */,
			);
			runOnlyForDeploymentPostprocessing = 0;
		};
		04A1A54328A9E7320016EAEE /* Sources */ = {
			isa = PBXSourcesBuildPhase;
			buildActionMask = 2147483647;
			files = (
				04A1A55028AA25BB0016EAEE /* swap.cpp in Sources */,
				04A1A54A28A9E7320016EAEE /* main.cpp in Sources */,
			);
			runOnlyForDeploymentPostprocessing = 0;
		};
		04F67ED228A358A900578A48 /* Sources */ = {
			isa = PBXSourcesBuildPhase;
			buildActionMask = 2147483647;
			files = (
				04F67EDA28A358A900578A48 /* main.cpp in Sources */,
			);
			runOnlyForDeploymentPostprocessing = 0;
		};
		04F67EE028A3590100578A48 /* Sources */ = {
			isa = PBXSourcesBuildPhase;
			buildActionMask = 2147483647;
			files = (
				04F67EE728A3590100578A48 /* main.cpp in Sources */,
			);
			runOnlyForDeploymentPostprocessing = 0;
		};
		04F67EEB28A3715600578A48 /* Sources */ = {
			isa = PBXSourcesBuildPhase;
			buildActionMask = 2147483647;
			files = (
				04F67EF228A3715600578A48 /* main.cpp in Sources */,
			);
			runOnlyForDeploymentPostprocessing = 0;
		};
/* End PBXSourcesBuildPhase section */

/* Begin XCBuildConfiguration section */
		04A1A52828A3DEEE0016EAEE /* Debug */ = {
			isa = XCBuildConfiguration;
			buildSettings = {
				CODE_SIGN_STYLE = Automatic;
				PRODUCT_NAME = "$(TARGET_NAME)";
			};
			name = Debug;
		};
		04A1A52928A3DEEE0016EAEE /* Release */ = {
			isa = XCBuildConfiguration;
			buildSettings = {
				CODE_SIGN_STYLE = Automatic;
				PRODUCT_NAME = "$(TARGET_NAME)";
			};
			name = Release;
		};
		04A1A53628A3F24F0016EAEE /* Debug */ = {
			isa = XCBuildConfiguration;
			buildSettings = {
				CODE_SIGN_STYLE = Automatic;
				PRODUCT_NAME = "$(TARGET_NAME)";
			};
			name = Debug;
		};
		04A1A53728A3F24F0016EAEE /* Release */ = {
			isa = XCBuildConfiguration;
			buildSettings = {
				CODE_SIGN_STYLE = Automatic;
				PRODUCT_NAME = "$(TARGET_NAME)";
			};
			name = Release;
		};
		04A1A54128A751920016EAEE /* Debug */ = {
			isa = XCBuildConfiguration;
			buildSettings = {
				CODE_SIGN_STYLE = Automatic;
				PRODUCT_NAME = "$(TARGET_NAME)";
			};
			name = Debug;
		};
		04A1A54228A751920016EAEE /* Release */ = {
			isa = XCBuildConfiguration;
			buildSettings = {
				CODE_SIGN_STYLE = Automatic;
				PRODUCT_NAME = "$(TARGET_NAME)";
			};
			name = Release;
		};
		04A1A54C28A9E7320016EAEE /* Debug */ = {
			isa = XCBuildConfiguration;
			buildSettings = {
				CODE_SIGN_STYLE = Automatic;
				PRODUCT_NAME = "$(TARGET_NAME)";
			};
			name = Debug;
		};
		04A1A54D28A9E7320016EAEE /* Release */ = {
			isa = XCBuildConfiguration;
			buildSettings = {
				CODE_SIGN_STYLE = Automatic;
				PRODUCT_NAME = "$(TARGET_NAME)";
			};
			name = Release;
		};
		04F67EDB28A358A900578A48 /* Debug */ = {
			isa = XCBuildConfiguration;
			buildSettings = {
				ALWAYS_SEARCH_USER_PATHS = NO;
				CLANG_ANALYZER_NONNULL = YES;
				CLANG_ANALYZER_NUMBER_OBJECT_CONVERSION = YES_AGGRESSIVE;
				CLANG_CXX_LANGUAGE_STANDARD = "gnu++17";
				CLANG_CXX_LIBRARY = "libc++";
				CLANG_ENABLE_MODULES = YES;
				CLANG_ENABLE_OBJC_ARC = YES;
				CLANG_ENABLE_OBJC_WEAK = YES;
				CLANG_WARN_BLOCK_CAPTURE_AUTORELEASING = YES;
				CLANG_WARN_BOOL_CONVERSION = YES;
				CLANG_WARN_COMMA = YES;
				CLANG_WARN_CONSTANT_CONVERSION = YES;
				CLANG_WARN_DEPRECATED_OBJC_IMPLEMENTATIONS = YES;
				CLANG_WARN_DIRECT_OBJC_ISA_USAGE = YES_ERROR;
				CLANG_WARN_DOCUMENTATION_COMMENTS = YES;
				CLANG_WARN_EMPTY_BODY = YES;
				CLANG_WARN_ENUM_CONVERSION = YES;
				CLANG_WARN_INFINITE_RECURSION = YES;
				CLANG_WARN_INT_CONVERSION = YES;
				CLANG_WARN_NON_LITERAL_NULL_CONVERSION = YES;
				CLANG_WARN_OBJC_IMPLICIT_RETAIN_SELF = YES;
				CLANG_WARN_OBJC_LITERAL_CONVERSION = YES;
				CLANG_WARN_OBJC_ROOT_CLASS = YES_ERROR;
				CLANG_WARN_QUOTED_INCLUDE_IN_FRAMEWORK_HEADER = YES;
				CLANG_WARN_RANGE_LOOP_ANALYSIS = YES;
				CLANG_WARN_STRICT_PROTOTYPES = YES;
				CLANG_WARN_SUSPICIOUS_MOVE = YES;
				CLANG_WARN_UNGUARDED_AVAILABILITY = YES_AGGRESSIVE;
				CLANG_WARN_UNREACHABLE_CODE = YES;
				CLANG_WARN__DUPLICATE_METHOD_MATCH = YES;
				COPY_PHASE_STRIP = NO;
				DEBUG_INFORMATION_FORMAT = dwarf;
				ENABLE_STRICT_OBJC_MSGSEND = YES;
				ENABLE_TESTABILITY = YES;
				GCC_C_LANGUAGE_STANDARD = gnu11;
				GCC_DYNAMIC_NO_PIC = NO;
				GCC_NO_COMMON_BLOCKS = YES;
				GCC_OPTIMIZATION_LEVEL = 0;
				GCC_PREPROCESSOR_DEFINITIONS = (
					"DEBUG=1",
					"$(inherited)",
				);
				GCC_WARN_64_TO_32_BIT_CONVERSION = YES;
				GCC_WARN_ABOUT_RETURN_TYPE = YES_ERROR;
				GCC_WARN_UNDECLARED_SELECTOR = YES;
				GCC_WARN_UNINITIALIZED_AUTOS = YES_AGGRESSIVE;
				GCC_WARN_UNUSED_FUNCTION = YES;
				GCC_WARN_UNUSED_VARIABLE = YES;
				MACOSX_DEPLOYMENT_TARGET = 12.1;
				MTL_ENABLE_DEBUG_INFO = INCLUDE_SOURCE;
				MTL_FAST_MATH = YES;
				ONLY_ACTIVE_ARCH = YES;
				SDKROOT = macosx;
			};
			name = Debug;
		};
		04F67EDC28A358A900578A48 /* Release */ = {
			isa = XCBuildConfiguration;
			buildSettings = {
				ALWAYS_SEARCH_USER_PATHS = NO;
				CLANG_ANALYZER_NONNULL = YES;
				CLANG_ANALYZER_NUMBER_OBJECT_CONVERSION = YES_AGGRESSIVE;
				CLANG_CXX_LANGUAGE_STANDARD = "gnu++17";
				CLANG_CXX_LIBRARY = "libc++";
				CLANG_ENABLE_MODULES = YES;
				CLANG_ENABLE_OBJC_ARC = YES;
				CLANG_ENABLE_OBJC_WEAK = YES;
				CLANG_WARN_BLOCK_CAPTURE_AUTORELEASING = YES;
				CLANG_WARN_BOOL_CONVERSION = YES;
				CLANG_WARN_COMMA = YES;
				CLANG_WARN_CONSTANT_CONVERSION = YES;
				CLANG_WARN_DEPRECATED_OBJC_IMPLEMENTATIONS = YES;
				CLANG_WARN_DIRECT_OBJC_ISA_USAGE = YES_ERROR;
				CLANG_WARN_DOCUMENTATION_COMMENTS = YES;
				CLANG_WARN_EMPTY_BODY = YES;
				CLANG_WARN_ENUM_CONVERSION = YES;
				CLANG_WARN_INFINITE_RECURSION = YES;
				CLANG_WARN_INT_CONVERSION = YES;
				CLANG_WARN_NON_LITERAL_NULL_CONVERSION = YES;
				CLANG_WARN_OBJC_IMPLICIT_RETAIN_SELF = YES;
				CLANG_WARN_OBJC_LITERAL_CONVERSION = YES;
				CLANG_WARN_OBJC_ROOT_CLASS = YES_ERROR;
				CLANG_WARN_QUOTED_INCLUDE_IN_FRAMEWORK_HEADER = YES;
				CLANG_WARN_RANGE_LOOP_ANALYSIS = YES;
				CLANG_WARN_STRICT_PROTOTYPES = YES;
				CLANG_WARN_SUSPICIOUS_MOVE = YES;
				CLANG_WARN_UNGUARDED_AVAILABILITY = YES_AGGRESSIVE;
				CLANG_WARN_UNREACHABLE_CODE = YES;
				CLANG_WARN__DUPLICATE_METHOD_MATCH = YES;
				COPY_PHASE_STRIP = NO;
				DEBUG_INFORMATION_FORMAT = "dwarf-with-dsym";
				ENABLE_NS_ASSERTIONS = NO;
				ENABLE_STRICT_OBJC_MSGSEND = YES;
				GCC_C_LANGUAGE_STANDARD = gnu11;
				GCC_NO_COMMON_BLOCKS = YES;
				GCC_WARN_64_TO_32_BIT_CONVERSION = YES;
				GCC_WARN_ABOUT_RETURN_TYPE = YES_ERROR;
				GCC_WARN_UNDECLARED_SELECTOR = YES;
				GCC_WARN_UNINITIALIZED_AUTOS = YES_AGGRESSIVE;
				GCC_WARN_UNUSED_FUNCTION = YES;
				GCC_WARN_UNUSED_VARIABLE = YES;
				MACOSX_DEPLOYMENT_TARGET = 12.1;
				MTL_ENABLE_DEBUG_INFO = NO;
				MTL_FAST_MATH = YES;
				SDKROOT = macosx;
			};
			name = Release;
		};
		04F67EDE28A358A900578A48 /* Debug */ = {
			isa = XCBuildConfiguration;
			buildSettings = {
				CODE_SIGN_STYLE = Automatic;
				PRODUCT_NAME = "$(TARGET_NAME)";
			};
			name = Debug;
		};
		04F67EDF28A358A900578A48 /* Release */ = {
			isa = XCBuildConfiguration;
			buildSettings = {
				CODE_SIGN_STYLE = Automatic;
				PRODUCT_NAME = "$(TARGET_NAME)";
			};
			name = Release;
		};
		04F67EE928A3590100578A48 /* Debug */ = {
			isa = XCBuildConfiguration;
			buildSettings = {
				CODE_SIGN_STYLE = Automatic;
				PRODUCT_NAME = "$(TARGET_NAME)";
			};
			name = Debug;
		};
		04F67EEA28A3590100578A48 /* Release */ = {
			isa = XCBuildConfiguration;
			buildSettings = {
				CODE_SIGN_STYLE = Automatic;
				PRODUCT_NAME = "$(TARGET_NAME)";
			};
			name = Release;
		};
		04F67EF428A3715600578A48 /* Debug */ = {
			isa = XCBuildConfiguration;
			buildSettings = {
				CODE_SIGN_STYLE = Automatic;
				PRODUCT_NAME = "$(TARGET_NAME)";
			};
			name = Debug;
		};
		04F67EF528A3715600578A48 /* Release */ = {
			isa = XCBuildConfiguration;
			buildSettings = {
				CODE_SIGN_STYLE = Automatic;
				PRODUCT_NAME = "$(TARGET_NAME)";
			};
			name = Release;
		};
/* End XCBuildConfiguration section */

/* Begin XCConfigurationList section */
		04A1A52A28A3DEEE0016EAEE /* Build configuration list for PBXNativeTarget "operator" */ = {
			isa = XCConfigurationList;
			buildConfigurations = (
				04A1A52828A3DEEE0016EAEE /* Debug */,
				04A1A52928A3DEEE0016EAEE /* Release */,
			);
			defaultConfigurationIsVisible = 0;
			defaultConfigurationName = Release;
		};
		04A1A53528A3F24F0016EAEE /* Build configuration list for PBXNativeTarget "processcontrol" */ = {
			isa = XCConfigurationList;
			buildConfigurations = (
				04A1A53628A3F24F0016EAEE /* Debug */,
				04A1A53728A3F24F0016EAEE /* Release */,
			);
			defaultConfigurationIsVisible = 0;
			defaultConfigurationName = Release;
		};
		04A1A54028A751920016EAEE /* Build configuration list for PBXNativeTarget "array" */ = {
			isa = XCConfigurationList;
			buildConfigurations = (
				04A1A54128A751920016EAEE /* Debug */,
				04A1A54228A751920016EAEE /* Release */,
			);
			defaultConfigurationIsVisible = 0;
			defaultConfigurationName = Release;
		};
		04A1A54B28A9E7320016EAEE /* Build configuration list for PBXNativeTarget "function" */ = {
			isa = XCConfigurationList;
			buildConfigurations = (
				04A1A54C28A9E7320016EAEE /* Debug */,
				04A1A54D28A9E7320016EAEE /* Release */,
			);
			defaultConfigurationIsVisible = 0;
			defaultConfigurationName = Release;
		};
		04F67ED128A358A900578A48 /* Build configuration list for PBXProject "cpptutorial" */ = {
			isa = XCConfigurationList;
			buildConfigurations = (
				04F67EDB28A358A900578A48 /* Debug */,
				04F67EDC28A358A900578A48 /* Release */,
			);
			defaultConfigurationIsVisible = 0;
			defaultConfigurationName = Release;
		};
		04F67EDD28A358A900578A48 /* Build configuration list for PBXNativeTarget "cpptutorial" */ = {
			isa = XCConfigurationList;
			buildConfigurations = (
				04F67EDE28A358A900578A48 /* Debug */,
				04F67EDF28A358A900578A48 /* Release */,
			);
			defaultConfigurationIsVisible = 0;
			defaultConfigurationName = Release;
		};
		04F67EE828A3590100578A48 /* Build configuration list for PBXNativeTarget "datatype" */ = {
			isa = XCConfigurationList;
			buildConfigurations = (
				04F67EE928A3590100578A48 /* Debug */,
				04F67EEA28A3590100578A48 /* Release */,
			);
			defaultConfigurationIsVisible = 0;
			defaultConfigurationName = Release;
		};
		04F67EF328A3715600578A48 /* Build configuration list for PBXNativeTarget "varconst" */ = {
			isa = XCConfigurationList;
			buildConfigurations = (
				04F67EF428A3715600578A48 /* Debug */,
				04F67EF528A3715600578A48 /* Release */,
			);
			defaultConfigurationIsVisible = 0;
			defaultConfigurationName = Release;
		};
/* End XCConfigurationList section */
	};
	rootObject = 04F67ECE28A358A900578A48 /* Project object */;
}
